<?xml version="1.0" encoding="utf-8"?>
<Project ToolsVersion="4.0" xmlns="http://schemas.microsoft.com/developer/msbuild/2003">
  <ItemGroup>
    <Filter Include="Header Files">
      <UniqueIdentifier>{11A3FCC3-AB4A-44EA-8B02-9B3FD6BAA87A}</UniqueIdentifier>
      <Extensions>h;hh;hpp;hxx;h++;hm</Extensions>
    </Filter>
    <Filter Include="Inline Files">
      <UniqueIdentifier>{B2356675-7872-440B-841A-257451E664FD}</UniqueIdentifier>
      <Extensions>inl;inc;ipp</Extensions>
    </Filter>
    <Filter Include="Resource Files">
      <UniqueIdentifier>{325C3085-4D4B-496F-900D-6F2B48C9FF51}</UniqueIdentifier>
      <Extensions>rc;ico;cur;bmp;dlg;rc2;rct;bin;rgs;gif;jpg;jpeg;jpe;resx;tiff;tif;png;wav;mfcribbon-ms</Extensions>
    </Filter>
    <Filter Include="Source Files">
      <UniqueIdentifier>{E776CAF6-E632-4A38-8E5C-B45935C9ED6F}</UniqueIdentifier>
      <Extensions>cpp;c;cc;cxx;c++;cppm;ixx;def;odl;idl;hpj;bat;asm;asmx</Extensions>
    </Filter>
    <Filter Include="Header Files\app">
      <UniqueIdentifier>{10A767D6-ACC4-4FD9-89A4-8A3114D22F90}</UniqueIdentifier>
    </Filter>
    <Filter Include="Header Files\assets">
      <UniqueIdentifier>{E0036F73-8C94-48A9-9033-596EE537F41B}</UniqueIdentifier>
    </Filter>
    <Filter Include="Header Files\Features">
      <UniqueIdentifier>{26984820-830D-482B-AF8B-2A2DCDEA3593}</UniqueIdentifier>
    </Filter>
    <Filter Include="Header Files\Game">
      <UniqueIdentifier>{485F7065-5C7C-456A-AC0D-4313081A6DC0}</UniqueIdentifier>
    </Filter>
    <Filter Include="Inline Files\app">
      <UniqueIdentifier>{A84566BD-F9A5-4F63-983D-CD6942E2F76A}</UniqueIdentifier>
    </Filter>
    <Filter Include="Inline Files\app\Config">
      <UniqueIdentifier>{30091362-715C-4EEA-8A26-F2B9DBF47A56}</UniqueIdentifier>
    </Filter>
    <Filter Include="Inline Files\app\Platform">
      <UniqueIdentifier>{0255C7B2-83A0-4A7F-873B-4632F41FEFFD}</UniqueIdentifier>
    </Filter>
    <Filter Include="Inline Files\Features">
      <UniqueIdentifier>{5F38D62B-983B-49BE-9799-CE32E5DE0E93}</UniqueIdentifier>
    </Filter>
    <Filter Include="Resource Files\Features">
      <UniqueIdentifier>{C40E6AFD-9941-4EFB-80BB-6D2B4AC46114}</UniqueIdentifier>
    </Filter>
    <Filter Include="Source Files\app">
      <UniqueIdentifier>{0D9F0352-642B-439D-A722-65A142F5923E}</UniqueIdentifier>
    </Filter>
    <Filter Include="Source Files\Features">
      <UniqueIdentifier>{4B3CD328-5582-4F85-9731-E1BB7F9A1BBC}</UniqueIdentifier>
    </Filter>
    <Filter Include="Source Files\Game">
      <UniqueIdentifier>{CC4E5DE3-A45F-48C5-90D2-BEEB9109FFE1}</UniqueIdentifier>
    </Filter>
    <Filter Include="Source Files\vendor">
      <UniqueIdentifier>{4528D3A8-F0B3-4F87-A9B6-58647B01F50B}</UniqueIdentifier>
    </Filter>
    <Filter Include="Header Files\app\Bootstrap">
      <UniqueIdentifier>{DAC3BAFC-ED15-46A2-8DC2-B66BAACF23BC}</UniqueIdentifier>
    </Filter>
    <Filter Include="Header Files\app\Config">
      <UniqueIdentifier>{31ACB893-1126-4D1A-B353-7C702D7844B8}</UniqueIdentifier>
    </Filter>
    <Filter Include="Header Files\app\Input">
      <UniqueIdentifier>{7D9045EA-715A-4FAB-861C-4EE6EC42A25C}</UniqueIdentifier>
    </Filter>
    <Filter Include="Header Files\app\Core">
      <UniqueIdentifier>{8B56888A-5CF3-4AF5-AFFB-5EFA370EDA15}</UniqueIdentifier>
    </Filter>
    <Filter Include="Header Files\app\Platform">
      <UniqueIdentifier>{64200294-3445-4EDD-8E9D-2D0DDF302ABA}</UniqueIdentifier>
    </Filter>
    <Filter Include="Header Files\app\Localization">
      <UniqueIdentifier>{8F711E65-4D84-48A7-A855-66FF80C92A01}</UniqueIdentifier>
    </Filter>
    <Filter Include="Header Files\app\UI">
      <UniqueIdentifier>{DFFF33A1-B332-45AE-9943-D6F3D3D99D5B}</UniqueIdentifier>
    </Filter>
    <Filter Include="Header Files\assets\fonts">
      <UniqueIdentifier>{1A46A6B6-B47F-4688-8B51-CF423847DE6A}</UniqueIdentifier>
    </Filter>
    <Filter Include="Header Files\Features\ESP">
      <UniqueIdentifier>{3817D3B9-76C9-4AF1-9AB1-E31B28197A0F}</UniqueIdentifier>
    </Filter>
    <Filter Include="Header Files\Features\ESP\DataReader">
      <UniqueIdentifier>{47E75219-A167-4A9A-8DD5-35838D95E7D7}</UniqueIdentifier>
    </Filter>
    <Filter Include="Header Files\Features\ESP\Diagnostics">
      <UniqueIdentifier>{4015C159-F900-4787-BCD5-BC34D9F1DA8C}</UniqueIdentifier>
    </Filter>
    <Filter Include="Header Files\Features\ESP\Recovery">
      <UniqueIdentifier>{4AA6512E-5F7A-4D16-9D8A-B395A2577451}</UniqueIdentifier>
    </Filter>
    <Filter Include="Header Files\Features\ESP\Render">
      <UniqueIdentifier>{B90D3102-B7CE-4A3E-B5B2-C06459565B2A}</UniqueIdentifier>
    </Filter>
    <Filter Include="Header Files\Features\Radar">
      <UniqueIdentifier>{DA62DB6C-D4EC-4EF9-892E-B18AC7D41946}</UniqueIdentifier>
    </Filter>
    <Filter Include="Header Files\Features\Settings">
      <UniqueIdentifier>{1E2AAB3C-F7B2-4E3B-B928-BC4EC3C5BD77}</UniqueIdentifier>
    </Filter>
    <Filter Include="Header Files\Features\Target">
      <UniqueIdentifier>{C650070B-E5AD-43CA-8E86-1E48F8C82B32}</UniqueIdentifier>
    </Filter>
    <Filter Include="Header Files\Features\WebRadar">
      <UniqueIdentifier>{752EE86B-0C93-41D2-B194-D4598FB2970E}</UniqueIdentifier>
    </Filter>
    <Filter Include="Header Files\Features\World">
      <UniqueIdentifier>{88E7F26F-A1FD-4BDD-99E0-6713B19B2E55}</UniqueIdentifier>
    </Filter>
    <Filter Include="Header Files\Game\Offsets">
      <UniqueIdentifier>{2E39B0A8-6B39-4D3A-83B6-E8C18D795DE3}</UniqueIdentifier>
    </Filter>
    <Filter Include="Header Files\Game\Schema">
      <UniqueIdentifier>{53E02BD2-77E7-48EE-9536-07E2FA1C154C}</UniqueIdentifier>
    </Filter>
    <Filter Include="Inline Files\Features\ESP">
      <UniqueIdentifier>{23849359-96D8-496B-8D30-C1F4DBECFA7E}</UniqueIdentifier>
    </Filter>
    <Filter Include="Inline Files\Features\Radar">
      <UniqueIdentifier>{98DD144F-F68E-4476-AEE8-D2945FD4CB85}</UniqueIdentifier>
    </Filter>
    <Filter Include="Resource Files\Features\WebRadar">
      <UniqueIdentifier>{D9D5C4A5-BB38-4D65-8AAA-64029D8E8CDA}</UniqueIdentifier>
    </Filter>
    <Filter Include="Source Files\app\Bootstrap">
      <UniqueIdentifier>{276E570F-EDF0-49CF-8762-DE785DD1E16E}</UniqueIdentifier>
    </Filter>
    <Filter Include="Source Files\app\Config">
      <UniqueIdentifier>{D00F36D7-F0C6-419E-8057-0F9A0A4C4EF4}</UniqueIdentifier>
    </Filter>
    <Filter Include="Source Files\app\Input">
      <UniqueIdentifier>{3B2E6AF3-1B43-4BD0-98B1-4771E34193CC}</UniqueIdentifier>
    </Filter>
    <Filter Include="Source Files\app\Platform">
      <UniqueIdentifier>{20E79B27-AF5B-4AB4-8302-AC13614E688D}</UniqueIdentifier>
    </Filter>
    <Filter Include="Source Files\app\Localization">
      <UniqueIdentifier>{A203E43D-BFC1-47EB-A5B5-A9441C4743E7}</UniqueIdentifier>
    </Filter>
    <Filter Include="Source Files\app\UI">
      <UniqueIdentifier>{9FEC1E5E-62C7-466E-AA62-9906007699CE}</UniqueIdentifier>
    </Filter>
    <Filter Include="Source Files\Features\ESP">
      <UniqueIdentifier>{D9D4DB2A-38E8-4778-88F7-CE44622B5CF1}</UniqueIdentifier>
    </Filter>
    <Filter Include="Source Files\Features\ESP\Render">
      <UniqueIdentifier>{209A4F58-B05A-46D0-B810-B1CCF20126ED}</UniqueIdentifier>
    </Filter>
    <Filter Include="Source Files\Features\Radar">
      <UniqueIdentifier>{636BCE0B-5EA1-40BB-9C5D-27BD1B1E9E44}</UniqueIdentifier>
    </Filter>
    <Filter Include="Source Files\Features\Settings">
      <UniqueIdentifier>{58066C93-9BA4-4615-B6D2-EE3F0A8805A1}</UniqueIdentifier>
    </Filter>
    <Filter Include="Source Files\Features\WebRadar">
      <UniqueIdentifier>{8B900C1A-59B4-4D2B-BC9E-49653195759B}</UniqueIdentifier>
    </Filter>
    <Filter Include="Source Files\Features\World">
      <UniqueIdentifier>{F80E70BC-E33B-46BF-B2DE-B84267B89E9D}</UniqueIdentifier>
    </Filter>
    <Filter Include="Source Files\Game\Offsets">
      <UniqueIdentifier>{6E56FAC7-E378-43F5-BA51-065B9509211B}</UniqueIdentifier>
    </Filter>
    <Filter Include="Source Files\vendor\DMALibrary">
      <UniqueIdentifier>{51157FE3-EE3D-4617-8CF2-7ECF296CE133}</UniqueIdentifier>
    </Filter>
    <Filter Include="Source Files\vendor\imgui">
      <UniqueIdentifier>{2BD5CC71-75B5-4508-A822-5339514B1227}</UniqueIdentifier>
    </Filter>
    <Filter Include="Source Files\vendor\qrcodegen">
      <UniqueIdentifier>{B17F6C0D-93E8-4FAF-BF16-00703FFC1EBC}</UniqueIdentifier>
    </Filter>
    <Filter Include="Source Files\vendor\libssh2">
      <UniqueIdentifier>{0B3C700D-F7E9-4318-A0D1-F2C8C77591DA}</UniqueIdentifier>
    </Filter>
    <Filter Include="Header Files\app\UI\MenuShell">
      <UniqueIdentifier>{2006A0CC-A3FD-4895-B9BF-57311973A6AE}</UniqueIdentifier>
    </Filter>
    <Filter Include="Header Files\Features\ESP\UI">
      <UniqueIdentifier>{53620DCB-DBB3-4E78-A769-379289D79AA1}</UniqueIdentifier>
    </Filter>
    <Filter Include="Header Files\Features\Target\UI">
      <UniqueIdentifier>{09E13853-C09D-4B99-983A-C98F88C2181A}</UniqueIdentifier>
    </Filter>
    <Filter Include="Header Files\Features\Radar\UI">
      <UniqueIdentifier>{80C2E3D6-0416-469D-AA79-F7BBFA4E4075}</UniqueIdentifier>
    </Filter>
    <Filter Include="Header Files\Features\Settings\UI">
      <UniqueIdentifier>{C11F6008-CD1E-4A09-9CC7-06B0AB323B79}</UniqueIdentifier>
    </Filter>
    <Filter Include="Header Files\Features\WebRadar\UI">
      <UniqueIdentifier>{54790E82-FA9F-494F-8C1E-D871F795B47D}</UniqueIdentifier>
    </Filter>
    <Filter Include="Header Files\Features\World\UI">
      <UniqueIdentifier>{70A0DF26-55D7-41A5-B318-E4B4CB8ED39B}</UniqueIdentifier>
    </Filter>
    <Filter Include="Inline Files\Features\ESP\Core">
      <UniqueIdentifier>{2AD38C92-5133-4C62-894C-F3B62DB04706}</UniqueIdentifier>
    </Filter>
    <Filter Include="Inline Files\Features\ESP\DataReader">
      <UniqueIdentifier>{A9B6CA77-C6FF-470E-8CD3-66AFC93F0362}</UniqueIdentifier>
    </Filter>
    <Filter Include="Inline Files\Features\ESP\DataReader\Bomb">
      <UniqueIdentifier>{0E73A86B-06CE-4077-AF78-97FF3C94C0C7}</UniqueIdentifier>
    </Filter>
    <Filter Include="Inline Files\Features\ESP\DataReader\Inventory">
      <UniqueIdentifier>{5DD65942-885F-47BC-8EEA-43CA58CF6FA0}</UniqueIdentifier>
    </Filter>
    <Filter Include="Inline Files\Features\ESP\DataReader\Player">
      <UniqueIdentifier>{3D6E8B48-22B6-402D-A2B0-6C136152D9B6}</UniqueIdentifier>
    </Filter>
    <Filter Include="Inline Files\Features\ESP\DataReader\Update">
      <UniqueIdentifier>{4073392D-02CC-4157-85D6-7C89B04FED93}</UniqueIdentifier>
    </Filter>
    <Filter Include="Inline Files\Features\ESP\DataReader\World">
      <UniqueIdentifier>{FFA9B352-E0AF-435C-9853-026353157254}</UniqueIdentifier>
    </Filter>
    <Filter Include="Inline Files\Features\ESP\Helpers">
      <UniqueIdentifier>{EB9E2912-4928-4F29-BBA5-BC36D5FA459D}</UniqueIdentifier>
    </Filter>
    <Filter Include="Inline Files\Features\ESP\Render">
      <UniqueIdentifier>{7136B157-5B7E-4285-BC12-9BF2E8542FEB}</UniqueIdentifier>
    </Filter>
    <Filter Include="Inline Files\Features\ESP\Worker">
      <UniqueIdentifier>{BA120C1E-1B92-42A9-B2BF-39FE1FBEE0CD}</UniqueIdentifier>
    </Filter>
    <Filter Include="Inline Files\Features\Radar\Calibration">
      <UniqueIdentifier>{F046DD72-9CE1-4989-B2F8-7204DEDF86C1}</UniqueIdentifier>
    </Filter>
    <Filter Include="Inline Files\Features\Radar\Render">
      <UniqueIdentifier>{3FDE932F-E29F-4592-8E36-C72B790B4BB1}</UniqueIdentifier>
    </Filter>
    <Filter Include="Inline Files\Features\WebRadar">
      <UniqueIdentifier>{1CD3D32A-1E9A-4058-BC89-AF8733D681D1}</UniqueIdentifier>
    </Filter>
    <Filter Include="Inline Files\Features\WebRadar\Runtime">
      <UniqueIdentifier>{98E06467-5E67-405E-B678-9D330E62493D}</UniqueIdentifier>
    </Filter>
    <Filter Include="Inline Files\Game">
      <UniqueIdentifier>{4FD43446-0CCF-4E1C-8284-DB98C9FCE714}</UniqueIdentifier>
    </Filter>
    <Filter Include="Inline Files\Game\Offsets">
      <UniqueIdentifier>{92FE54B8-BBFC-4A69-A379-CEF1057B9CAB}</UniqueIdentifier>
    </Filter>
    <Filter Include="Resource Files\Features\WebRadar\Assets">
      <UniqueIdentifier>{C05C315D-3881-47FF-BC09-FA01A4DE512A}</UniqueIdentifier>
    </Filter>
    <Filter Include="Resource Files\assets">
      <UniqueIdentifier>{8CD064BD-E785-44E7-8DD1-998548690751}</UniqueIdentifier>
    </Filter>
    <Filter Include="Resource Files\assets\fonts">
      <UniqueIdentifier>{0C69475D-B225-4EE6-976A-95C41D75822F}</UniqueIdentifier>
    </Filter>
    <Filter Include="Resource Files\assets\locales">
      <UniqueIdentifier>{36813D81-E414-4359-97C4-1D6CD3A59B48}</UniqueIdentifier>
    </Filter>
    <Filter Include="Resource Files\assets\weapon_icons">
      <UniqueIdentifier>{EB5A37CF-C2AB-48B4-84A8-3E9F8BE86560}</UniqueIdentifier>
    </Filter>
    <Filter Include="Source Files\app\UI\MenuShell">
      <UniqueIdentifier>{534BF067-3B73-4297-9094-E08F43D89718}</UniqueIdentifier>
    </Filter>
    <Filter Include="Source Files\Features\ESP\UI">
      <UniqueIdentifier>{AFA5D341-B8B4-4FCA-99B1-48B72C21994D}</UniqueIdentifier>
    </Filter>
    <Filter Include="Source Files\Features\Target">
      <UniqueIdentifier>{A4C59540-7CD1-4D72-BA7D-67904F8EA940}</UniqueIdentifier>
    </Filter>
    <Filter Include="Source Files\Features\Target\UI">
      <UniqueIdentifier>{F82DA790-E75B-4B53-80B2-D7091A1D38DC}</UniqueIdentifier>
    </Filter>
    <Filter Include="Source Files\Features\Radar\UI">
      <UniqueIdentifier>{E22ADAB2-79A7-4AAD-AA74-7B4E5222720E}</UniqueIdentifier>
    </Filter>
    <Filter Include="Source Files\Features\World\UI">
      <UniqueIdentifier>{E8254821-A412-42A5-B3E6-24E998209CB3}</UniqueIdentifier>
    </Filter>
    <Filter Include="Source Files\Features\Settings\UI">
      <UniqueIdentifier>{DB62A4AB-D11D-4554-9BA8-546A57E330BB}</UniqueIdentifier>
    </Filter>
    <Filter Include="Source Files\Features\WebRadar\Runtime">
      <UniqueIdentifier>{93627D04-22FA-4516-9183-EA366E96FBE2}</UniqueIdentifier>
    </Filter>
    <Filter Include="Source Files\Features\WebRadar\UI">
      <UniqueIdentifier>{8874FE2A-5E9B-4D2F-B327-8393CEFC58B6}</UniqueIdentifier>
    </Filter>
    <Filter Include="Source Files\vendor\DMALibrary\Memory">
      <UniqueIdentifier>{0814D6B0-86AE-4089-B07F-6D11AD4BCD29}</UniqueIdentifier>
    </Filter>
    <Filter Include="Source Files\vendor\imgui\backends">
      <UniqueIdentifier>{0629E4AC-23B3-41A6-88A3-CA119DA7C666}</UniqueIdentifier>
    </Filter>
  </ItemGroup>
  <ItemGroup>
    <ClCompile Include="src\app\Bootstrap\main.cpp">
      <Filter>Source Files\app\Bootstrap</Filter>
    </ClCompile>
    <ClCompile Include="src\app\Bootstrap\crash_handler.cpp">
      <Filter>Source Files\app\Bootstrap</Filter>
    </ClCompile>
    <ClCompile Include="src\app\Bootstrap\runtime_console.cpp">
      <Filter>Source Files\app\Bootstrap</Filter>
    </ClCompile>
    <ClCompile Include="src\app\Config\config.cpp">
      <Filter>Source Files\app\Config</Filter>
    </ClCompile>
    <ClCompile Include="src\app\Input\input_device.cpp">
      <Filter>Source Files\app\Input</Filter>
    </ClCompile>
    <ClCompile Include="src\app\Input\primary_keyboard.cpp">
      <Filter>Source Files\app\Input</Filter>
    </ClCompile>
    <ClCompile Include="src\app\Localization\localization.cpp">
      <Filter>Source Files\app\Localization</Filter>
    </ClCompile>
    <ClCompile Include="src\app\Config\project_paths.cpp">
      <Filter>Source Files\app\Config</Filter>
    </ClCompile>
    <ClCompile Include="src\app\Platform\console_text.cpp">
      <Filter>Source Files\app\Platform</Filter>
    </ClCompile>
    <ClCompile Include="src\app\Platform\overlay.cpp">
      <Filter>Source Files\app\Platform</Filter>
    </ClCompile>
    <ClCompile Include="src\app\UI\MenuShell\menu_controller.cpp">
      <Filter>Source Files\app\UI\MenuShell</Filter>
    </ClCompile>
    <ClCompile Include="src\app\UI\MenuShell\menu_utils.cpp">
      <Filter>Source Files\app\UI\MenuShell</Filter>
    </ClCompile>
    <ClCompile Include="src\app\UI\MenuShell\ui_icons.cpp">
      <Filter>Source Files\app\UI\MenuShell</Filter>
    </ClCompile>
    <ClCompile Include="src\app\UI\MenuShell\ui_style.cpp">
      <Filter>Source Files\app\UI\MenuShell</Filter>
    </ClCompile>
    <ClCompile Include="src\Features\ESP\esp.cpp">
      <Filter>Source Files\Features\ESP</Filter>
    </ClCompile>
    <ClCompile Include="src\Features\ESP\weapon_catalog.cpp">
      <Filter>Source Files\Features\ESP</Filter>
    </ClCompile>
    <ClCompile Include="src\Features\ESP\Render\weapon_icon_atlas.cpp">
      <Filter>Source Files\Features\ESP\Render</Filter>
    </ClCompile>
    <ClCompile Include="src\Features\ESP\UI\esp_preview.cpp">
      <Filter>Source Files\Features\ESP\UI</Filter>
    </ClCompile>
    <ClCompile Include="src\Features\ESP\UI\esp_sections.cpp">
      <Filter>Source Files\Features\ESP\UI</Filter>
    </ClCompile>
    <ClCompile Include="src\Features\ESP\UI\esp_tab.cpp">
      <Filter>Source Files\Features\ESP\UI</Filter>
    </ClCompile>
    <ClCompile Include="src\Features\Target\physics_bvh.cpp">
      <Filter>Source Files\Features\Target</Filter>
    </ClCompile>
    <ClCompile Include="src\Features\Target\target_ballistics.cpp">
      <Filter>Source Files\Features\Target</Filter>
    </ClCompile>
    <ClCompile Include="src\Features\Target\target_convars.cpp">
      <Filter>Source Files\Features\Target</Filter>
    </ClCompile>
    <ClCompile Include="src\Features\Target\UI\target_tab.cpp">
      <Filter>Source Files\Features\Target\UI</Filter>
    </ClCompile>
    <ClCompile Include="src\Features\Target\target.cpp">
      <Filter>Source Files\Features\Target</Filter>
    </ClCompile>
    <ClCompile Include="src\Features\Radar\map_registry.cpp">
      <Filter>Source Files\Features\Radar</Filter>
    </ClCompile>
    <ClCompile Include="src\Features\Radar\UI\radar_sections.cpp">
      <Filter>Source Files\Features\Radar\UI</Filter>
    </ClCompile>
    <ClCompile Include="src\Features\Radar\UI\radar_tab.cpp">
      <Filter>Source Files\Features\Radar\UI</Filter>
    </ClCompile>
    <ClCompile Include="src\Features\Settings\UI\settings_sections.cpp">
      <Filter>Source Files\Features\Settings\UI</Filter>
    </ClCompile>
    <ClCompile Include="src\Features\Settings\UI\settings_tab.cpp">
      <Filter>Source Files\Features\Settings\UI</Filter>
    </ClCompile>
    <ClCompile Include="src\Features\World\grenade_helper.cpp">
      <Filter>Source Files\Features\World</Filter>
    </ClCompile>
    <ClCompile Include="src\Features\World\UI\world_tab.cpp">
      <Filter>Source Files\Features\World\UI</Filter>
    </ClCompile>
    <ClCompile Include="src\Features\WebRadar\Runtime\embedded_assets.cpp">
      <Filter>Source Files\Features\WebRadar\Runtime</Filter>
    </ClCompile>
    <ClCompile Include="src\Features\WebRadar\Runtime\runtime_utils.cpp">
      <Filter>Source Files\Features\WebRadar\Runtime</Filter>
    </ClCompile>
    <ClCompile Include="src\Features\WebRadar\Runtime\web_remote.cpp">
      <Filter>Source Files\Features\WebRadar\Runtime</Filter>
    </ClCompile>
    <ClCompile Include="src\vendor\libssh2\src\agent.c">
      <Filter>Source Files\vendor\libssh2</Filter>
    </ClCompile>
    <ClCompile Include="src\vendor\libssh2\src\bcrypt_pbkdf.c">
      <Filter>Source Files\vendor\libssh2</Filter>
    </ClCompile>
    <ClCompile Include="src\vendor\libssh2\src\channel.c">
      <Filter>Source Files\vendor\libssh2</Filter>
    </ClCompile>
    <ClCompile Include="src\vendor\libssh2\src\comp.c">
      <Filter>Source Files\vendor\libssh2</Filter>
    </ClCompile>
    <ClCompile Include="src\vendor\libssh2\src\chacha.c">
      <Filter>Source Files\vendor\libssh2</Filter>
    </ClCompile>
    <ClCompile Include="src\vendor\libssh2\src\cipher-chachapoly.c">
      <Filter>Source Files\vendor\libssh2</Filter>
    </ClCompile>
    <ClCompile Include="src\vendor\libssh2\src\crypt.c">
      <Filter>Source Files\vendor\libssh2</Filter>
    </ClCompile>
    <ClCompile Include="src\vendor\libssh2\src\crypto.c">
      <Filter>Source Files\vendor\libssh2</Filter>
    </ClCompile>
    <ClCompile Include="src\vendor\libssh2\src\global.c">
      <Filter>Source Files\vendor\libssh2</Filter>
    </ClCompile>
    <ClCompile Include="src\vendor\libssh2\src\hostkey.c">
      <Filter>Source Files\vendor\libssh2</Filter>
    </ClCompile>
    <ClCompile Include="src\vendor\libssh2\src\keepalive.c">
      <Filter>Source Files\vendor\libssh2</Filter>
    </ClCompile>
    <ClCompile Include="src\vendor\libssh2\src\kex.c">
      <Filter>Source Files\vendor\libssh2</Filter>
    </ClCompile>
    <ClCompile Include="src\vendor\libssh2\src\knownhost.c">
      <Filter>Source Files\vendor\libssh2</Filter>
    </ClCompile>
    <ClCompile Include="src\vendor\libssh2\src\mac.c">
      <Filter>Source Files\vendor\libssh2</Filter>
    </ClCompile>
    <ClCompile Include="src\vendor\libssh2\src\misc.c">
      <Filter>Source Files\vendor\libssh2</Filter>
    </ClCompile>
    <ClCompile Include="src\vendor\libssh2\src\packet.c">
      <Filter>Source Files\vendor\libssh2</Filter>
    </ClCompile>
    <ClCompile Include="src\vendor\libssh2\src\pem.c">
      <Filter>Source Files\vendor\libssh2</Filter>
    </ClCompile>
    <ClCompile Include="src\vendor\libssh2\src\poly1305.c">
      <Filter>Source Files\vendor\libssh2</Filter>
    </ClCompile>
    <ClCompile Include="src\vendor\libssh2\src\publickey.c">
      <Filter>Source Files\vendor\libssh2</Filter>
    </ClCompile>
    <ClCompile Include="src\vendor\libssh2\src\scp.c">
      <Filter>Source Files\vendor\libssh2</Filter>
    </ClCompile>
    <ClCompile Include="src\vendor\libssh2\src\session.c">
      <Filter>Source Files\vendor\libssh2</Filter>
    </ClCompile>
    <ClCompile Include="src\vendor\libssh2\src\sftp.c">
      <Filter>Source Files\vendor\libssh2</Filter>
    </ClCompile>
    <ClCompile Include="src\vendor\libssh2\src\transport.c">
      <Filter>Source Files\vendor\libssh2</Filter>
    </ClCompile>
    <ClCompile Include="src\vendor\libssh2\src\userauth.c">
      <Filter>Source Files\vendor\libssh2</Filter>
    </ClCompile>
    <ClCompile Include="src\vendor\libssh2\src\userauth_kbd_packet.c">
      <Filter>Source Files\vendor\libssh2</Filter>
    </ClCompile>
    <ClCompile Include="src\vendor\libssh2\src\version.c">
      <Filter>Source Files\vendor\libssh2</Filter>
    </ClCompile>
    <ClCompile Include="src\Features\WebRadar\Runtime\webradar.cpp">
      <Filter>Source Files\Features\WebRadar\Runtime</Filter>
    </ClCompile>
    <ClCompile Include="src\Features\WebRadar\UI\webradar_sections.cpp">
      <Filter>Source Files\Features\WebRadar\UI</Filter>
    </ClCompile>
    <ClCompile Include="src\Features\WebRadar\UI\webradar_tab.cpp">
      <Filter>Source Files\Features\WebRadar\UI</Filter>
    </ClCompile>
    <ClCompile Include="src\Game\Offsets\runtime_offsets.cpp">
      <Filter>Source Files\Game\Offsets</Filter>
    </ClCompile>
    <ClCompile Include="src\Game\Offsets\runtime_offset_resolver.cpp">
      <Filter>Source Files\Game\Offsets</Filter>
    </ClCompile>
    <ClCompile Include="src\vendor\DMALibrary\Memory\Memory.cpp">
      <Filter>Source Files\vendor\DMALibrary\Memory</Filter>
    </ClCompile>
    <ClCompile Include="src\vendor\DMALibrary\pch.cpp">
      <Filter>Source Files\vendor\DMALibrary</Filter>
    </ClCompile>
    <ClCompile Include="src\vendor\imgui\backends\imgui_impl_dx11.cpp">
      <Filter>Source Files\vendor\imgui\backends</Filter>
    </ClCompile>
    <ClCompile Include="src\vendor\imgui\backends\imgui_impl_win32.cpp">
      <Filter>Source Files\vendor\imgui\backends</Filter>
    </ClCompile>
    <ClCompile Include="src\vendor\imgui\imgui.cpp">
      <Filter>Source Files\vendor\imgui</Filter>
    </ClCompile>
    <ClCompile Include="src\vendor\imgui\imgui_draw.cpp">
      <Filter>Source Files\vendor\imgui</Filter>
    </ClCompile>
    <ClCompile Include="src\vendor\imgui\imgui_tables.cpp">
      <Filter>Source Files\vendor\imgui</Filter>
    </ClCompile>
    <ClCompile Include="src\vendor\imgui\imgui_widgets.cpp">
      <Filter>Source Files\vendor\imgui</Filter>
    </ClCompile>
    <ClCompile Include="src\vendor\qrcodegen\qrcodegen.cpp">
      <Filter>Source Files\vendor\qrcodegen</Filter>
    </ClCompile>
    <ClCompile Include="src\Features\ESP\esp_local_state.cpp">
      <Filter>Source Files\Features\ESP</Filter>
    </ClCompile>
    <ClCompile Include="src\Features\ESP\player_data_reader.cpp">
      <Filter>Source Files\Features\ESP</Filter>
    </ClCompile>
    <ClCompile Include="src\Features\ESP\bone_reader.cpp">
      <Filter>Source Files\Features\ESP</Filter>
    </ClCompile>
    <ClCompile Include="src\Features\ESP\esp_renderer.cpp">
      <Filter>Source Files\Features\ESP</Filter>
    </ClCompile>
  </ItemGroup>
  <ItemGroup>
    <ClInclude Include="include\app\Bootstrap\crash_handler.h">
      <Filter>Header Files\app\Bootstrap</Filter>
    </ClInclude>
    <ClInclude Include="include\app\Bootstrap\runtime_console.h">
      <Filter>Header Files\app\Bootstrap</Filter>
    </ClInclude>
    <ClInclude Include="include\app\Config\config.h">
      <Filter>Header Files\app\Config</Filter>
    </ClInclude>
    <ClInclude Include="include\app\Input\input_device.h">
      <Filter>Header Files\app\Input</Filter>
    </ClInclude>
    <ClInclude Include="include\app\Input\input_device_policy.h">
      <Filter>Header Files\app\Input</Filter>
    </ClInclude>
    <ClInclude Include="include\app\Input\primary_keyboard.h">
      <Filter>Header Files\app\Input</Filter>
    </ClInclude>
    <ClInclude Include="include\app\Config\config_parse_utils.h">
      <Filter>Header Files\app\Config</Filter>
    </ClInclude>
    <ClInclude Include="include\app\Config\profile_name_utils.h">
      <Filter>Header Files\app\Config</Filter>
    </ClInclude>
    <ClInclude Include="include\app\Config\project_paths.h">
      <Filter>Header Files\app\Config</Filter>
    </ClInclude>
    <ClInclude Include="include\app\Config\user_state.h">
      <Filter>Header Files\app\Config</Filter>
    </ClInclude>
    <ClInclude Include="include\app\Core\app_state.h">
      <Filter>Header Files\app\Core</Filter>
    </ClInclude>
    <ClInclude Include="include\app\Core\build_info.h">
      <Filter>Header Files\app\Core</Filter>
    </ClInclude>
    <ClInclude Include="include\app\Core\fallback_log.h">
      <Filter>Header Files\app\Core</Filter>
    </ClInclude>
    <ClInclude Include="include\app\Core\globals.h">
      <Filter>Header Files\app\Core</Filter>
    </ClInclude>
    <ClInclude Include="include\app\Core\text_utils.h">
      <Filter>Header Files\app\Core</Filter>
    </ClInclude>
    <ClInclude Include="include\app\Localization\localization.h">
      <Filter>Header Files\app\Localization</Filter>
    </ClInclude>
    <ClInclude Include="include\app\Localization\localization_catalog.h">
      <Filter>Header Files\app\Localization</Filter>
    </ClInclude>
    <ClInclude Include="include\app\Platform\console_text.h">
      <Filter>Header Files\app\Platform</Filter>
    </ClInclude>
    <ClInclude Include="include\app\Platform\file_replace.h">
      <Filter>Header Files\app\Platform</Filter>
    </ClInclude>
    <ClInclude Include="include\app\Platform\overlay.h">
      <Filter>Header Files\app\Platform</Filter>
    </ClInclude>
    <ClInclude Include="include\app\Platform\win_handle.h">
      <Filter>Header Files\app\Platform</Filter>
    </ClInclude>
    <ClInclude Include="include\app\UI\MenuShell\menu_controller.h">
      <Filter>Header Files\app\UI\MenuShell</Filter>
    </ClInclude>
    <ClInclude Include="include\app\UI\MenuShell\menu_state.h">
      <Filter>Header Files\app\UI\MenuShell</Filter>
    </ClInclude>
    <ClInclude Include="include\app\UI\MenuShell\menu_utils.h">
      <Filter>Header Files\app\UI\MenuShell</Filter>
    </ClInclude>
    <ClInclude Include="include\app\UI\MenuShell\tab_page.h">
      <Filter>Header Files\app\UI\MenuShell</Filter>
    </ClInclude>
    <ClInclude Include="include\app\UI\MenuShell\ui_icons.h">
      <Filter>Header Files\app\UI\MenuShell</Filter>
    </ClInclude>
    <ClInclude Include="include\app\UI\MenuShell\ui_style.h">
      <Filter>Header Files\app\UI\MenuShell</Filter>
    </ClInclude>
    <ClInclude Include="include\app\UI\MenuShell\ui_widgets.h">
      <Filter>Header Files\app\UI\MenuShell</Filter>
    </ClInclude>
    <ClInclude Include="include\Features\ESP\esp.h">
      <Filter>Header Files\Features\ESP</Filter>
    </ClInclude>
    <ClInclude Include="include\Features\ESP\esp_helpers.h">
      <Filter>Header Files\Features\ESP</Filter>
    </ClInclude>
    <ClInclude Include="include\app\Core\memory_address.h">
      <Filter>Header Files\app\Core</Filter>
    </ClInclude>
    <ClInclude Include="include\Features\ESP\weapon_catalog.h">
      <Filter>Header Files\Features\ESP</Filter>
    </ClInclude>
    <ClInclude Include="include\Features\ESP\DataReader\base_recovery_policy.h">
      <Filter>Header Files\Features\ESP\DataReader</Filter>
    </ClInclude>
    <ClInclude Include="include\Features\ESP\DataReader\bomb_policy.h">
      <Filter>Header Files\Features\ESP\DataReader</Filter>
    </ClInclude>
    <ClInclude Include="include\Features\ESP\DataReader\bone_plausibility.h">
      <Filter>Header Files\Features\ESP\DataReader</Filter>
    </ClInclude>
    <ClInclude Include="include\Features\ESP\DataReader\bone_read_policy.h">
      <Filter>Header Files\Features\ESP\DataReader</Filter>
    </ClInclude>
    <ClInclude Include="include\Features\ESP\DataReader\deferred_lane_policy.h">
      <Filter>Header Files\Features\ESP\DataReader</Filter>
    </ClInclude>
    <ClInclude Include="include\Features\ESP\DataReader\player_commit_policy.h">
      <Filter>Header Files\Features\ESP\DataReader</Filter>
    </ClInclude>
    <ClInclude Include="include\Features\ESP\DataReader\player_core_policy.h">
      <Filter>Header Files\Features\ESP\DataReader</Filter>
    </ClInclude>
    <ClInclude Include="include\Features\ESP\DataReader\player_flag_policy.h">
      <Filter>Header Files\Features\ESP\DataReader</Filter>
    </ClInclude>
    <ClInclude Include="include\Features\ESP\DataReader\player_hierarchy_policy.h">
      <Filter>Header Files\Features\ESP\DataReader</Filter>
    </ClInclude>
    <ClInclude Include="include\Features\ESP\DataReader\player_repair_policy.h">
      <Filter>Header Files\Features\ESP\DataReader</Filter>
    </ClInclude>
    <ClInclude Include="include\Features\ESP\DataReader\player_slot_policy.h">
      <Filter>Header Files\Features\ESP\DataReader</Filter>
    </ClInclude>
    <ClInclude Include="include\Features\ESP\DataReader\population_watchdog_policy.h">
      <Filter>Header Files\Features\ESP\DataReader</Filter>
    </ClInclude>
    <ClInclude Include="include\Features\ESP\DataReader\scene_transition_policy.h">
      <Filter>Header Files\Features\ESP\DataReader</Filter>
    </ClInclude>
    <ClInclude Include="include\Features\ESP\DataReader\visibility_policy.h">
      <Filter>Header Files\Features\ESP\DataReader</Filter>
    </ClInclude>
    <ClInclude Include="include\Features\ESP\DataReader\world_domain_policy.h">
      <Filter>Header Files\Features\ESP\DataReader</Filter>
    </ClInclude>
    <ClInclude Include="include\Features\ESP\DataReader\world_marker_policy.h">
      <Filter>Header Files\Features\ESP\DataReader</Filter>
    </ClInclude>
    <ClInclude Include="include\Features\ESP\DataReader\zero_population_policy.h">
      <Filter>Header Files\Features\ESP\DataReader</Filter>
    </ClInclude>
    <ClInclude Include="include\Features\ESP\Diagnostics\narrow_debug.h">
      <Filter>Header Files\Features\ESP\Diagnostics</Filter>
    </ClInclude>
    <ClInclude Include="include\Features\ESP\Recovery\dma_recovery_policy.h">
      <Filter>Header Files\Features\ESP\Recovery</Filter>
    </ClInclude>
    <ClInclude Include="include\Features\ESP\Recovery\dma_cache_profile.h">
      <Filter>Header Files\Features\ESP\Recovery</Filter>
    </ClInclude>
    <ClInclude Include="include\Features\ESP\Recovery\dma_refresh_policy.h">
      <Filter>Header Files\Features\ESP\Recovery</Filter>
    </ClInclude>
    <ClInclude Include="include\Features\ESP\Recovery\process_identity_policy.h">
      <Filter>Header Files\Features\ESP\Recovery</Filter>
    </ClInclude>
    <ClInclude Include="include\Features\ESP\Recovery\reset_policy.h">
      <Filter>Header Files\Features\ESP\Recovery</Filter>
    </ClInclude>
    <ClInclude Include="include\Features\ESP\Render\draw_policy.h">
      <Filter>Header Files\Features\ESP\Render</Filter>
    </ClInclude>
    <ClInclude Include="include\Features\ESP\Render\skeleton_gate.h">
      <Filter>Header Files\Features\ESP\Render</Filter>
    </ClInclude>
    <ClInclude Include="include\Features\ESP\Render\visual_style_policy.h">
      <Filter>Header Files\Features\ESP\Render</Filter>
    </ClInclude>
    <ClInclude Include="include\Features\ESP\Render\weapon_icon_atlas.h">
      <Filter>Header Files\Features\ESP\Render</Filter>
    </ClInclude>
    <ClInclude Include="include\Features\ESP\Render\weapon_icon_atlas_data.generated.h">
      <Filter>Header Files\Features\ESP\Render</Filter>
    </ClInclude>
    <ClInclude Include="include\Features\ESP\State\snapshot_ring.h">
      <Filter>Header Files\Features\ESP</Filter>
    </ClInclude>
    <ClInclude Include="include\Features\ESP\Worker\worker_policy.h">
      <Filter>Header Files\Features\ESP</Filter>
    </ClInclude>
    <ClInclude Include="include\Features\ESP\UI\esp_sections.h">
      <Filter>Header Files\Features\ESP\UI</Filter>
    </ClInclude>
    <ClInclude Include="include\Features\ESP\UI\esp_tab.h">
      <Filter>Header Files\Features\ESP\UI</Filter>
    </ClInclude>
    <ClInclude Include="include\Features\Target\physics_bvh.h">
      <Filter>Header Files\Features\Target</Filter>
    </ClInclude>
    <ClInclude Include="include\Features\Target\target_ballistics.h">
      <Filter>Header Files\Features\Target</Filter>
    </ClInclude>
    <ClInclude Include="include\Features\Target\target_convars.h">
      <Filter>Header Files\Features\Target</Filter>
    </ClInclude>
    <ClInclude Include="include\Features\Target\UI\target_tab.h">
      <Filter>Header Files\Features\Target\UI</Filter>
    </ClInclude>
    <ClInclude Include="include\Features\Target\target.h">
      <Filter>Header Files\Features\Target</Filter>
    </ClInclude>
    <ClInclude Include="include\Features\Target\target_policy.h">
      <Filter>Header Files\Features\Target</Filter>
    </ClInclude>
    <ClInclude Include="include\Features\Radar\map_registry.h">
      <Filter>Header Files\Features\Radar</Filter>
    </ClInclude>
    <ClInclude Include="include\Features\Radar\UI\radar_sections.h">
      <Filter>Header Files\Features\Radar\UI</Filter>
    </ClInclude>
    <ClInclude Include="include\Features\Radar\UI\radar_tab.h">
      <Filter>Header Files\Features\Radar\UI</Filter>
    </ClInclude>
    <ClInclude Include="include\Features\Settings\UI\settings_sections.h">
      <Filter>Header Files\Features\Settings\UI</Filter>
    </ClInclude>
    <ClInclude Include="include\Features\Settings\UI\settings_tab.h">
      <Filter>Header Files\Features\Settings\UI</Filter>
    </ClInclude>
    <ClInclude Include="include\Features\World\grenade_helper.h">
      <Filter>Header Files\Features\World</Filter>
    </ClInclude>
    <ClInclude Include="include\Features\World\UI\world_tab.h">
      <Filter>Header Files\Features\World\UI</Filter>
    </ClInclude>
    <ClInclude Include="include\Features\WebRadar\embedded_assets.h">
      <Filter>Header Files\Features\WebRadar</Filter>
    </ClInclude>
    <ClInclude Include="include\Features\WebRadar\runtime_utils.h">
      <Filter>Header Files\Features\WebRadar</Filter>
    </ClInclude>
    <ClInclude Include="include\Features\WebRadar\UI\webradar_sections.h">
      <Filter>Header Files\Features\WebRadar\UI</Filter>
    </ClInclude>
    <ClInclude Include="include\Features\WebRadar\UI\webradar_tab.h">
      <Filter>Header Files\Features\WebRadar\UI</Filter>
    </ClInclude>
    <ClInclude Include="include\Features\WebRadar\web_remote.h">
      <Filter>Header Files\Features\WebRadar</Filter>
    </ClInclude>
    <ClInclude Include="include\Features\WebRadar\webradar.h">
      <Filter>Header Files\Features\WebRadar</Filter>
    </ClInclude>
    <ClInclude Include="include\Game\Offsets\runtime_offsets.h">
      <Filter>Header Files\Game\Offsets</Filter>
    </ClInclude>
    <ClInclude Include="include\Game\Offsets\runtime_offsets_parse_utils.h">
      <Filter>Header Files\Game\Offsets</Filter>
    </ClInclude>
    <ClInclude Include="include\Game\Offsets\runtime_offset_resolver.h">
      <Filter>Header Files\Game\Offsets</Filter>
    </ClInclude>
    <ClInclude Include="include\Game\Offsets\runtime_resolver_policy.h">
      <Filter>Header Files\Game\Offsets</Filter>
    </ClInclude>
    <ClInclude Include="include\Game\Schema\structs.h">
      <Filter>Header Files\Game\Schema</Filter>
    </ClInclude>
    <ClInclude Include="src\assets\fonts\weapons.hpp">
      <Filter>Header Files\assets\fonts</Filter>
    </ClInclude>
    <ClInclude Include="src\app\Config\config_parts\config_apply_json_body.inl">
      <Filter>Inline Files\app\Config</Filter>
    </ClInclude>
    <ClInclude Include="src\app\Config\config_parts\config_save_json_body.inl">
      <Filter>Inline Files\app\Config</Filter>
    </ClInclude>
    <ClInclude Include="src\app\Platform\overlay_parts\overlay_create_body.inl">
      <Filter>Inline Files\app\Platform</Filter>
    </ClInclude>
    <ClInclude Include="src\app\Platform\overlay_parts\overlay_run_body.inl">
      <Filter>Inline Files\app\Platform</Filter>
    </ClInclude>
    <ClInclude Include="src\Features\ESP\Core\draw.inl">
      <Filter>Inline Files\Features\ESP\Core</Filter>
    </ClInclude>
    <ClInclude Include="src\Features\ESP\Core\get_web_radar_snapshot.inl">
      <Filter>Inline Files\Features\ESP\Core</Filter>
    </ClInclude>
    <ClInclude Include="src\Features\ESP\DataReader\base_reads.inl">
      <Filter>Inline Files\Features\ESP\DataReader</Filter>
    </ClInclude>
    <ClInclude Include="src\Features\ESP\DataReader\bomb_reads.inl">
      <Filter>Inline Files\Features\ESP\DataReader</Filter>
    </ClInclude>
    <ClInclude Include="src\Features\ESP\DataReader\bomb_parts\bomb_cache_reset.inl">
      <Filter>Inline Files\Features\ESP\DataReader\Bomb</Filter>
    </ClInclude>
    <ClInclude Include="src\Features\ESP\DataReader\bomb_parts\bomb_entity_acquisition.inl">
      <Filter>Inline Files\Features\ESP\DataReader\Bomb</Filter>
    </ClInclude>
    <ClInclude Include="src\Features\ESP\DataReader\bomb_parts\bomb_owner_signals.inl">
      <Filter>Inline Files\Features\ESP\DataReader\Bomb</Filter>
    </ClInclude>
    <ClInclude Include="src\Features\ESP\DataReader\bomb_parts\bomb_state_resolve.inl">
      <Filter>Inline Files\Features\ESP\DataReader\Bomb</Filter>
    </ClInclude>
    <ClInclude Include="src\Features\ESP\DataReader\bone_reads.inl">
      <Filter>Inline Files\Features\ESP\DataReader</Filter>
    </ClInclude>
    <ClInclude Include="src\Features\ESP\DataReader\commit_bomb.inl">
      <Filter>Inline Files\Features\ESP\DataReader</Filter>
    </ClInclude>
    <ClInclude Include="src\Features\ESP\DataReader\commit_enrichment_state.inl">
      <Filter>Inline Files\Features\ESP\DataReader</Filter>
    </ClInclude>
    <ClInclude Include="src\Features\ESP\DataReader\commit_players.inl">
      <Filter>Inline Files\Features\ESP\DataReader</Filter>
    </ClInclude>
    <ClInclude Include="src\Features\ESP\DataReader\commit_players_enrichment.inl">
      <Filter>Inline Files\Features\ESP\DataReader</Filter>
    </ClInclude>
    <ClInclude Include="src\Features\ESP\DataReader\commit_state.inl">
      <Filter>Inline Files\Features\ESP\DataReader</Filter>
    </ClInclude>
    <ClInclude Include="src\Features\ESP\DataReader\commit_world.inl">
      <Filter>Inline Files\Features\ESP\DataReader</Filter>
    </ClInclude>
    <ClInclude Include="src\Features\ESP\DataReader\intervals.h">
      <Filter>Header Files\Features\ESP\DataReader</Filter>
    </ClInclude>
    <ClInclude Include="src\Features\ESP\DataReader\inventory_reads.inl">
      <Filter>Inline Files\Features\ESP\DataReader</Filter>
    </ClInclude>
    <ClInclude Include="src\Features\ESP\DataReader\inventory_parts\inventory_active_lane.inl">
      <Filter>Inline Files\Features\ESP\DataReader\Inventory</Filter>
    </ClInclude>
    <ClInclude Include="src\Features\ESP\DataReader\inventory_parts\inventory_full_lane.inl">
      <Filter>Inline Files\Features\ESP\DataReader\Inventory</Filter>
    </ClInclude>
    <ClInclude Include="src\Features\ESP\DataReader\player_aux_reads.inl">
      <Filter>Inline Files\Features\ESP\DataReader</Filter>
    </ClInclude>
    <ClInclude Include="src\Features\ESP\DataReader\player_reads.inl">
      <Filter>Inline Files\Features\ESP\DataReader</Filter>
    </ClInclude>
    <ClInclude Include="src\Features\ESP\DataReader\player_parts\player_core_reads.inl">
      <Filter>Inline Files\Features\ESP\DataReader\Player</Filter>
    </ClInclude>
    <ClInclude Include="src\Features\ESP\DataReader\player_parts\player_hierarchy.inl">
      <Filter>Inline Files\Features\ESP\DataReader\Player</Filter>
    </ClInclude>
    <ClInclude Include="src\Features\ESP\DataReader\player_parts\player_repair.inl">
      <Filter>Inline Files\Features\ESP\DataReader\Player</Filter>
    </ClInclude>
    <ClInclude Include="src\Features\ESP\DataReader\update_data.inl">
      <Filter>Inline Files\Features\ESP\DataReader</Filter>
    </ClInclude>
    <ClInclude Include="src\Features\ESP\DataReader\update_parts\update_bootstrap.inl">
      <Filter>Inline Files\Features\ESP\DataReader\Update</Filter>
    </ClInclude>
    <ClInclude Include="src\Features\ESP\DataReader\update_parts\update_engine_state.inl">
      <Filter>Inline Files\Features\ESP\DataReader\Update</Filter>
    </ClInclude>
    <ClInclude Include="src\Features\ESP\DataReader\update_parts\update_scheduler_state.inl">
      <Filter>Inline Files\Features\ESP\DataReader\Update</Filter>
    </ClInclude>
    <ClInclude Include="src\Features\ESP\DataReader\update_parts\update_stage_metrics.inl">
      <Filter>Inline Files\Features\ESP\DataReader\Update</Filter>
    </ClInclude>
    <ClInclude Include="src\Features\ESP\DataReader\world_reads.inl">
      <Filter>Inline Files\Features\ESP\DataReader</Filter>
    </ClInclude>
    <ClInclude Include="src\Features\ESP\DataReader\world_parts\world_domain_candidates.inl">
      <Filter>Inline Files\Features\ESP\DataReader\World</Filter>
    </ClInclude>
    <ClInclude Include="src\Features\ESP\DataReader\world_parts\world_domain_scheduler.inl">
      <Filter>Inline Files\Features\ESP\DataReader\World</Filter>
    </ClInclude>
    <ClInclude Include="src\Features\ESP\DataReader\world_parts\world_marker_synthesis.inl">
      <Filter>Inline Files\Features\ESP\DataReader\World</Filter>
    </ClInclude>
    <ClInclude Include="src\Features\ESP\DataReader\world_parts\world_process_dropped_c4.inl">
      <Filter>Inline Files\Features\ESP\DataReader\World</Filter>
    </ClInclude>
    <ClInclude Include="src\Features\ESP\DataReader\world_parts\world_process_entities.inl">
      <Filter>Inline Files\Features\ESP\DataReader\World</Filter>
    </ClInclude>
    <ClInclude Include="src\Features\ESP\DataReader\world_parts\world_process_utility.inl">
      <Filter>Inline Files\Features\ESP\DataReader\World</Filter>
    </ClInclude>
    <ClInclude Include="src\Features\ESP\DataReader\world_parts\world_read_context.inl">
      <Filter>Inline Files\Features\ESP\DataReader\World</Filter>
    </ClInclude>
    <ClInclude Include="src\Features\ESP\DataReader\world_parts\world_utility_probe.inl">
      <Filter>Inline Files\Features\ESP\DataReader\World</Filter>
    </ClInclude>
    <ClInclude Include="src\Features\ESP\Helpers\basic_helpers.inl">
      <Filter>Inline Files\Features\ESP\Helpers</Filter>
    </ClInclude>
    <ClInclude Include="src\Features\ESP\Helpers\draw_corner_box.inl">
      <Filter>Inline Files\Features\ESP\Helpers</Filter>
    </ClInclude>
    <ClInclude Include="src\Features\ESP\Helpers\draw_text_shadow.inl">
      <Filter>Inline Files\Features\ESP\Helpers</Filter>
    </ClInclude>
    <ClInclude Include="src\Features\ESP\Helpers\project_world_aabb_to_screen.inl">
      <Filter>Inline Files\Features\ESP\Helpers</Filter>
    </ClInclude>
    <ClInclude Include="src\Features\ESP\Render\bomb_esp.inl">
      <Filter>Inline Files\Features\ESP\Render</Filter>
    </ClInclude>
    <ClInclude Include="src\Features\ESP\Render\bomb_timer_overlay.inl">
      <Filter>Inline Files\Features\ESP\Render</Filter>
    </ClInclude>
    <ClInclude Include="src\Features\ESP\Render\player_box.inl">
      <Filter>Inline Files\Features\ESP\Render</Filter>
    </ClInclude>
    <ClInclude Include="src\Features\ESP\Render\player_flags.inl">
      <Filter>Inline Files\Features\ESP\Render</Filter>
    </ClInclude>
    <ClInclude Include="src\Features\ESP\Render\player_health_armor.inl">
      <Filter>Inline Files\Features\ESP\Render</Filter>
    </ClInclude>
    <ClInclude Include="src\Features\ESP\Render\player_name.inl">
      <Filter>Inline Files\Features\ESP\Render</Filter>
    </ClInclude>
    <ClInclude Include="src\Features\ESP\Render\player_offscreen_arrows.inl">
      <Filter>Inline Files\Features\ESP\Render</Filter>
    </ClInclude>
    <ClInclude Include="src\Features\ESP\Render\player_skeleton.inl">
      <Filter>Inline Files\Features\ESP\Render</Filter>
    </ClInclude>
    <ClInclude Include="src\Features\ESP\Render\player_snaplines.inl">
      <Filter>Inline Files\Features\ESP\Render</Filter>
    </ClInclude>
    <ClInclude Include="src\Features\ESP\Render\player_weapon_ammo.inl">
      <Filter>Inline Files\Features\ESP\Render</Filter>
    </ClInclude>
    <ClInclude Include="src\Features\ESP\Render\player_weapon_and_bomb.inl">
      <Filter>Inline Files\Features\ESP\Render</Filter>
    </ClInclude>
    <ClInclude Include="src\Features\ESP\Render\spectator_list_overlay.inl">
      <Filter>Inline Files\Features\ESP\Render</Filter>
    </ClInclude>
    <ClInclude Include="src\Features\ESP\Render\style.h">
      <Filter>Header Files\Features\ESP</Filter>
    </ClInclude>
    <ClInclude Include="src\Features\ESP\Render\world_esp.inl">
      <Filter>Inline Files\Features\ESP\Render</Filter>
    </ClInclude>
    <ClInclude Include="src\Features\ESP\Worker\camera_worker_loop.inl">
      <Filter>Inline Files\Features\ESP\Worker</Filter>
    </ClInclude>
    <ClInclude Include="src\Features\ESP\Worker\data_worker_loop.inl">
      <Filter>Inline Files\Features\ESP\Worker</Filter>
    </ClInclude>
    <ClInclude Include="src\Features\ESP\Worker\try_recover_dma.inl">
      <Filter>Inline Files\Features\ESP\Worker</Filter>
    </ClInclude>
    <ClInclude Include="src\Features\Radar\Calibration\build_map_key_from_bounds.inl">
      <Filter>Inline Files\Features\Radar\Calibration</Filter>
    </ClInclude>
    <ClInclude Include="src\Features\Radar\Calibration\get_radar_profiles_path.inl">
      <Filter>Inline Files\Features\Radar\Calibration</Filter>
    </ClInclude>
    <ClInclude Include="src\Features\Radar\Calibration\handle_map_calibration.inl">
      <Filter>Inline Files\Features\Radar\Calibration</Filter>
    </ClInclude>
    <ClInclude Include="src\Features\Radar\Calibration\ini_helpers.inl">
      <Filter>Inline Files\Features\Radar\Calibration</Filter>
    </ClInclude>
    <ClInclude Include="src\Features\Radar\Calibration\load_radar_calibration_for_map.inl">
      <Filter>Inline Files\Features\Radar\Calibration</Filter>
    </ClInclude>
    <ClInclude Include="src\Features\Radar\Calibration\save_radar_calibration_for_map.inl">
      <Filter>Inline Files\Features\Radar\Calibration</Filter>
    </ClInclude>
    <ClInclude Include="src\Features\Radar\Render\radar_overlay.inl">
      <Filter>Inline Files\Features\Radar\Render</Filter>
    </ClInclude>
    <ClInclude Include="src\Features\WebRadar\Runtime\webradar_parts\webradar_build_fallback_live_json_body.inl">
      <Filter>Inline Files\Features\WebRadar\Runtime</Filter>
    </ClInclude>
    <ClInclude Include="src\Features\WebRadar\Runtime\webradar_parts\webradar_build_status_json_body.inl">
      <Filter>Inline Files\Features\WebRadar\Runtime</Filter>
    </ClInclude>
    <ClInclude Include="src\Features\WebRadar\Runtime\webradar_parts\webradar_handle_http_client_body.inl">
      <Filter>Inline Files\Features\WebRadar\Runtime</Filter>
    </ClInclude>
    <ClInclude Include="src\Features\WebRadar\Runtime\webradar_parts\webradar_resolve_map_name_body.inl">
      <Filter>Inline Files\Features\WebRadar\Runtime</Filter>
    </ClInclude>
    <ClInclude Include="src\Features\WebRadar\Runtime\webradar_parts\webradar_server_loop_body.inl">
      <Filter>Inline Files\Features\WebRadar\Runtime</Filter>
    </ClInclude>
    <ClInclude Include="src\Features\WebRadar\Runtime\webradar_parts\webradar_worker_loop_body.inl">
      <Filter>Inline Files\Features\WebRadar\Runtime</Filter>
    </ClInclude>
    <ClInclude Include="src\Game\Offsets\runtime_offsets_parts\runtime_offsets_autoupdate_body.inl">
      <Filter>Inline Files\Game\Offsets</Filter>
    </ClInclude>
    <ClInclude Include="src\Game\Offsets\runtime_offsets_parts\runtime_offsets_load_body.inl">
      <Filter>Inline Files\Game\Offsets</Filter>
    </ClInclude>
    <ClInclude Include="src\Game\Offsets\runtime_offsets_parts\runtime_offsets_parse_helpers.inl">
      <Filter>Inline Files\Game\Offsets</Filter>
    </ClInclude>
    <ClInclude Include="src\Game\Offsets\runtime_offsets_parts\runtime_offsets_paths_helpers.inl">
      <Filter>Inline Files\Game\Offsets</Filter>
    </ClInclude>
    <ClInclude Include="src\Game\Offsets\runtime_offsets_parts\runtime_offsets_remote_fields.inl">
      <Filter>Inline Files\Game\Offsets</Filter>
    </ClInclude>
    <ClInclude Include="include\Features\ESP\player_data_reader.h">
      <Filter>Header Files\Features\ESP</Filter>
    </ClInclude>
    <ClInclude Include="include\Features\ESP\bone_reader.h">
      <Filter>Header Files\Features\ESP</Filter>
    </ClInclude>
    <ClInclude Include="include\Features\ESP\esp_renderer.h">
      <Filter>Header Files\Features\ESP</Filter>
    </ClInclude>
    <ClInclude Include="src\Features\ESP\esp_local_state.h">
      <Filter>Source Files\Features\ESP</Filter>
    </ClInclude>
    <ResourceCompile Include="src\Features\WebRadar\Assets\webradar_resources.rc">
      <Filter>Resource Files\Features\WebRadar\Assets</Filter>
    </ResourceCompile>
    <None Include="src\assets\fonts\bootstrap-icons.LICENSE">
      <Filter>Resource Files\assets\fonts</Filter>
    </None>
    <None Include="src\assets\fonts\bootstrap-icons.ttf">
      <Filter>Resource Files\assets\fonts</Filter>
    </None>
    <None Include="src\assets\locales\en.json">
      <Filter>Resource Files\assets\locales</Filter>
    </None>
    <None Include="src\assets\locales\zh-CN.json">
      <Filter>Resource Files\assets\locales</Filter>
    </None>
    <None Include="src\assets\weapon_icons\manifest.json">
      <Filter>Resource Files\assets\weapon_icons</Filter>
    </None>
    <None Include="src\assets\world\grenade_helper.json">
      <Filter>Resource Files\assets</Filter>
    </None>
  </ItemGroup>
  <ItemGroup>
    <ClInclude Include="src\vendor\DMALibrary\Memory\ScatterReadTracker.h" />
    <None Include="src\vendor\DMALibrary\vendor-lock.json" />
    <None Include="tools\vendor\check_dma_vendor.ps1" />
  </ItemGroup>
</Project>
